
Microsoft Visual Studio Solution File, Format Version 12.00
# Visual Studio Version 17
VisualStudioVersion = 17.14.36623.8
MinimumVisualStudioVersion = 10.0.40219.1
Project("{FAE04EC0-301F-11D3-BF4B-00C04F79EFBC}") = "Calculator.Api", "src\calculator\Calculator.Api\Calculator.Api.csproj", "{8C39AEEB-0F56-4A0F-8CE3-71988C4EF914}"
EndProject
Project("{FAE04EC0-301F-11D3-BF4B-00C04F79EFBC}") = "Calculator.Core", "src\calculator\Calculator.Core\Calculator.Core.csproj", "{1E9A59B1-BEBC-2D45-EB27-7E35A2C64626}"
EndProject
Project("{FAE04EC0-301F-11D3-BF4B-00C04F79EFBC}") = "Calculator.Core.Tests", "tests\Calculator.Core.Tests\Calculator.Core.Tests.csproj", "{A364D320-C19F-B863-C18E-275F845FE30B}"
EndProject
Global
	GlobalSection(SolutionConfigurationPlatforms) = preSolution
		Debug|Any CPU = Debug|Any CPU
		Release|Any CPU = Release|Any CPU
	EndGlobalSection
	GlobalSection(ProjectConfigurationPlatforms) = postSolution
		{8C39AEEB-0F56-4A0F-8CE3-71988C4EF914}.Debug|Any CPU.ActiveCfg = Debug|Any CPU
		{8C39AEEB-0F56-4A0F-8CE3-71988C4EF914}.Debug|Any CPU.Build.0 = Debug|Any CPU
		{8C39AEEB-0F56-4A0F-8CE3-71988C4EF914}.Release|Any CPU.ActiveCfg = Release|Any CPU
		{8C39AEEB-0F56-4A0F-8CE3-71988C4EF914}.Release|Any CPU.Build.0 = Release|Any CPU
		{1E9A59B1-BEBC-2D45-EB27-7E35A2C64626}.Debug|Any CPU.ActiveCfg = Debug|Any CPU
		{1E9A59B1-BEBC-2D45-EB27-7E35A2C64626}.Debug|Any CPU.Build.0 = Debug|Any CPU
		{1E9A59B1-BEBC-2D45-EB27-7E35A2C64626}.Release|Any CPU.ActiveCfg = Release|Any CPU
		{1E9A59B1-BEBC-2D45-EB27-7E35A2C64626}.Release|Any CPU.Build.0 = Release|Any CPU
		{A364D320-C19F-B863-C18E-275F845FE30B}.Debug|Any CPU.ActiveCfg = Debug|Any CPU
		{A364D320-C19F-B863-C18E-275F845FE30B}.Debug|Any CPU.Build.0 = Debug|Any CPU
		{A364D320-C19F-B863-C18E-275F845FE30B}.Release|Any CPU.ActiveCfg = Release|Any CPU
		{A364D320-C19F-B863-C18E-275F845FE30B}.Release|Any CPU.Build.0 = Release|Any CPU
	EndGlobalSection
	GlobalSection(SolutionProperties) = preSolution
		HideSolutionNode = FALSE
	EndGlobalSection
	GlobalSection(ExtensibilityGlobals) = postSolution
		SolutionGuid = {F6AE5553-295F-44EE-8F19-4C8A879D5340}
	EndGlobalSection
EndGlobal
